
Microsoft Visual Studio Solution File, Format Version 12.00
# Visual Studio 15
VisualStudioVersion = 15.0.28307.271
MinimumVisualStudioVersion = 10.0.40219.1
Project("{FAE04EC0-301F-11D3-BF4B-00C04F79EFBC}") = "windowsApp_speech", "windowsApp_speech\windowsApp_speech.csproj", "{CF47BA2A-DCDC-4BD7-BE5D-13C45EA39676}"
EndProject
Global
	GlobalSection(SolutionConfigurationPlatforms) = preSolution
		Debug|Any CPU = Debug|Any CPU
		Release|Any CPU = Release|Any CPU
	EndGlobalSection
	GlobalSection(ProjectConfigurationPlatforms) = postSolution
		{CF47BA2A-DCDC-4BD7-BE5D-13C45EA39676}.Debug|Any CPU.ActiveCfg = Debug|Any CPU
		{CF47BA2A-DCDC-4BD7-BE5D-13C45EA39676}.Debug|Any CPU.Build.0 = Debug|Any CPU
		{CF47BA2A-DCDC-4BD7-BE5D-13C45EA39676}.Release|Any CPU.ActiveCfg = Release|Any CPU
		{CF47BA2A-DCDC-4BD7-BE5D-13C45EA39676}.Release|Any CPU.Build.0 = Release|Any CPU
	EndGlobalSection
	GlobalSection(SolutionProperties) = preSolution
		HideSolutionNode = FALSE
	EndGlobalSection
	GlobalSection(ExtensibilityGlobals) = postSolution
		SolutionGuid = {6CF54496-CE49-48C7-B942-66B905E48842}
	EndGlobalSection
EndGlobal
